# This file was autogenerated by Stack.
# You should not edit this file by hand.
# For more information, please see the documentation at:
#   https://docs.haskellstack.org/en/stable/topics/lock_files

packages: []
snapshots:
- completed:
    sha256: c55b879d624bf0d73d44d793ab06e170167b44592f0c684177881649a5933e46
    size: 757558
    url: https://raw.githubusercontent.com/commercialhaskell/stackage-snapshots/master/nightly/2026/7/10.yaml
  original: nightly-2026-07-10
